// !$*UTF8*$!
{
	archiveVersion = 1;
	classes = {
	};
	objectVersion = 46;
	objects = {

/* Begin PBXBuildFile section */
		B53CF6521ECEA7CA00E1C7F2 /* LoginVC.swift in Sources */ = {isa = PBXBuildFile; fileRef = B53CF6511ECEA7CA00E1C7F2 /* LoginVC.swift */; };
		B53CF6551ECEA98900E1C7F2 /* Ailerons-Typeface.otf in Resources */ = {isa = PBXBuildFile; fileRef = B53CF6541ECEA98900E1C7F2 /* Ailerons-Typeface.otf */; };
		B53CF6571ECEBC1B00E1C7F2 /* BlurredUIView.swift in Sources */ = {isa = PBXBuildFile; fileRef = B53CF6561ECEBC1B00E1C7F2 /* BlurredUIView.swift */; };
		B5AEE8441ECE90240062538B /* AppDelegate.swift in Sources */ = {isa = PBXBuildFile; fileRef = B5AEE8431ECE90240062538B /* AppDelegate.swift */; };
		B5AEE8491ECE90240062538B /* Main.storyboard in Resources */ = {isa = PBXBuildFile; fileRef = B5AEE8471ECE90240062538B /* Main.storyboard */; };
		B5AEE84C1ECE90240062538B /* Social.xcdatamodeld in Sources */ = {isa = PBXBuildFile; fileRef = B5AEE84A1ECE90240062538B /* Social.xcdatamodeld */; };
		B5AEE84E1ECE90240062538B /* Assets.xcassets in Resources */ = {isa = PBXBuildFile; fileRef = B5AEE84D1ECE90240062538B /* Assets.xcassets */; };
		B5AEE8511ECE90240062538B /* LaunchScreen.storyboard in Resources */ = {isa = PBXBuildFile; fileRef = B5AEE84F1ECE90240062538B /* LaunchScreen.storyboard */; };
		B5AEE8591ECE90530062538B /* GoogleService-Info.plist in Resources */ = {isa = PBXBuildFile; fileRef = B5AEE8581ECE90530062538B /* GoogleService-Info.plist */; };
		D3412FD92885684C95D07911 /* Pods_Social.framework in Frameworks */ = {isa = PBXBuildFile; fileRef = 8B9BCE6663FA27ACBDBC6E0A /* Pods_Social.framework */; };
/* End PBXBuildFile section */

/* Begin PBXFileReference section */
		0E2D3319EDA3CA2F52C43C33 /* Pods-Social.debug.xcconfig */ = {isa = PBXFileReference; includeInIndex = 1; lastKnownFileType = text.xcconfig; name = "Pods-Social.debug.xcconfig"; path = "Pods/Target Support Files/Pods-Social/Pods-Social.debug.xcconfig"; sourceTree = "<group>"; };
		8B9BCE6663FA27ACBDBC6E0A /* Pods_Social.framework */ = {isa = PBXFileReference; explicitFileType = wrapper.framework; includeInIndex = 0; path = Pods_Social.framework; sourceTree = BUILT_PRODUCTS_DIR; };
		B53CF6511ECEA7CA00E1C7F2 /* LoginVC.swift */ = {isa = PBXFileReference; fileEncoding = 4; lastKnownFileType = sourcecode.swift; path = LoginVC.swift; sourceTree = "<group>"; };
		B53CF6541ECEA98900E1C7F2 /* Ailerons-Typeface.otf */ = {isa = PBXFileReference; lastKnownFileType = file; path = "Ailerons-Typeface.otf"; sourceTree = "<group>"; };
		B53CF6561ECEBC1B00E1C7F2 /* BlurredUIView.swift */ = {isa = PBXFileReference; fileEncoding = 4; lastKnownFileType = sourcecode.swift; path = BlurredUIView.swift; sourceTree = "<group>"; };
		B5AEE8401ECE90240062538B /* Social.app */ = {isa = PBXFileReference; explicitFileType = wrapper.application; includeInIndex = 0; path = Social.app; sourceTree = BUILT_PRODUCTS_DIR; };
		B5AEE8431ECE90240062538B /* AppDelegate.swift */ = {isa = PBXFileReference; lastKnownFileType = sourcecode.swift; path = AppDelegate.swift; sourceTree = "<group>"; };
		B5AEE8481ECE90240062538B /* Base */ = {isa = PBXFileReference; lastKnownFileType = file.storyboard; name = Base; path = Base.lproj/Main.storyboard; sourceTree = "<group>"; };
		B5AEE84B1ECE90240062538B /* Social.xcdatamodel */ = {isa = PBXFileReference; lastKnownFileType = wrapper.xcdatamodel; path = Social.xcdatamodel; sourceTree = "<group>"; };
		B5AEE84D1ECE90240062538B /* Assets.xcassets */ = {isa = PBXFileReference; lastKnownFileType = folder.assetcatalog; path = Assets.xcassets; sourceTree = "<group>"; };
		B5AEE8501ECE90240062538B /* Base */ = {isa = PBXFileReference; lastKnownFileType = file.storyboard; name = Base; path = Base.lproj/LaunchScreen.storyboard; sourceTree = "<group>"; };
		B5AEE8521ECE90240062538B /* Info.plist */ = {isa = PBXFileReference; lastKnownFileType = text.plist.xml; path = Info.plist; sourceTree = "<group>"; };
		B5AEE8581ECE90530062538B /* GoogleService-Info.plist */ = {isa = PBXFileReference; fileEncoding = 4; lastKnownFileType = text.plist.xml; path = "GoogleService-Info.plist"; sourceTree = "<group>"; };
		FB94A9D9317CF0C23F5CBE13 /* Pods-Social.release.xcconfig */ = {isa = PBXFileReference; includeInIndex = 1; lastKnownFileType = text.xcconfig; name = "Pods-Social.release.xcconfig"; path = "Pods/Target Support Files/Pods-Social/Pods-Social.release.xcconfig"; sourceTree = "<group>"; };
/* End PBXFileReference section */

/* Begin PBXFrameworksBuildPhase section */
		B5AEE83D1ECE90230062538B /* Frameworks */ = {
			isa = PBXFrameworksBuildPhase;
			buildActionMask = 2147483647;
			files = (
				D3412FD92885684C95D07911 /* Pods_Social.framework in Frameworks */,
			);
			runOnlyForDeploymentPostprocessing = 0;
		};
/* End PBXFrameworksBuildPhase section */

/* Begin PBXGroup section */
		AF5600F502786FAE08604F52 /* Frameworks */ = {
			isa = PBXGroup;
			children = (
				8B9BCE6663FA27ACBDBC6E0A /* Pods_Social.framework */,
			);
			name = Frameworks;
			sourceTree = "<group>";
		};
		B15B5C5EA4A39094777F70A7 /* Pods */ = {
			isa = PBXGroup;
			children = (
				0E2D3319EDA3CA2F52C43C33 /* Pods-Social.debug.xcconfig */,
				FB94A9D9317CF0C23F5CBE13 /* Pods-Social.release.xcconfig */,
			);
			name = Pods;
			sourceTree = "<group>";
		};
		B53CF6531ECEA96F00E1C7F2 /* Resources */ = {
			isa = PBXGroup;
			children = (
				B53CF6541ECEA98900E1C7F2 /* Ailerons-Typeface.otf */,
			);
			name = Resources;
			sourceTree = "<group>";
		};
		B5AEE8371ECE90230062538B = {
			isa = PBXGroup;
			children = (
				B5AEE8421ECE90240062538B /* Social */,
				B5AEE8411ECE90240062538B /* Products */,
				B15B5C5EA4A39094777F70A7 /* Pods */,
				AF5600F502786FAE08604F52 /* Frameworks */,
			);
			sourceTree = "<group>";
		};
		B5AEE8411ECE90240062538B /* Products */ = {
			isa = PBXGroup;
			children = (
				B5AEE8401ECE90240062538B /* Social.app */,
			);
			name = Products;
			sourceTree = "<group>";
		};
		B5AEE8421ECE90240062538B /* Social */ = {
			isa = PBXGroup;
			children = (
				B53CF6531ECEA96F00E1C7F2 /* Resources */,
				B5AEE85C1ECE9E0E0062538B /* View */,
				B5AEE85B1ECE9DFD0062538B /* Controller */,
				B5AEE85A1ECE9DEE0062538B /* Model */,
				B5AEE8581ECE90530062538B /* GoogleService-Info.plist */,
				B5AEE8431ECE90240062538B /* AppDelegate.swift */,
				B5AEE8471ECE90240062538B /* Main.storyboard */,
				B5AEE84D1ECE90240062538B /* Assets.xcassets */,
				B5AEE84F1ECE90240062538B /* LaunchScreen.storyboard */,
				B5AEE8521ECE90240062538B /* Info.plist */,
				B5AEE84A1ECE90240062538B /* Social.xcdatamodeld */,
			);
			path = Social;
			sourceTree = "<group>";
		};
		B5AEE85A1ECE9DEE0062538B /* Model */ = {
			isa = PBXGroup;
			children = (
			);
			name = Model;
			sourceTree = "<group>";
		};
		B5AEE85B1ECE9DFD0062538B /* Controller */ = {
			isa = PBXGroup;
			children = (
				B53CF6511ECEA7CA00E1C7F2 /* LoginVC.swift */,
			);
			name = Controller;
			sourceTree = "<group>";
		};
		B5AEE85C1ECE9E0E0062538B /* View */ = {
			isa = PBXGroup;
			children = (
				B53CF6561ECEBC1B00E1C7F2 /* BlurredUIView.swift */,
			);
			name = View;
			sourceTree = "<group>";
		};
/* End PBXGroup section */

/* Begin PBXNativeTarget section */
		B5AEE83F1ECE90230062538B /* Social */ = {
			isa = PBXNativeTarget;
			buildConfigurationList = B5AEE8551ECE90240062538B /* Build configuration list for PBXNativeTarget "Social" */;
			buildPhases = (
				02CC4D59E0FD506495374A40 /* [CP] Check Pods Manifest.lock */,
				B5AEE83C1ECE90230062538B /* Sources */,
				B5AEE83D1ECE90230062538B /* Frameworks */,
				B5AEE83E1ECE90230062538B /* Resources */,
				D48CC8E35CD742B30EEB7BCA /* [CP] Embed Pods Frameworks */,
				D30C5C5D23BEB34299FFB285 /* [CP] Copy Pods Resources */,
			);
			buildRules = (
			);
			dependencies = (
			);
			name = Social;
			productName = Social;
			productReference = B5AEE8401ECE90240062538B /* Social.app */;
			productType = "com.apple.product-type.application";
		};
/* End PBXNativeTarget section */

/* Begin PBXProject section */
		B5AEE8381ECE90230062538B /* Project object */ = {
			isa = PBXProject;
			attributes = {
				LastSwiftUpdateCheck = 0820;
				LastUpgradeCheck = 0820;
				ORGANIZATIONNAME = Ben;
				TargetAttributes = {
					B5AEE83F1ECE90230062538B = {
						CreatedOnToolsVersion = 8.2.1;
						ProvisioningStyle = Automatic;
					};
				};
			};
			buildConfigurationList = B5AEE83B1ECE90230062538B /* Build configuration list for PBXProject "Social" */;
			compatibilityVersion = "Xcode 3.2";
			developmentRegion = English;
			hasScannedForEncodings = 0;
			knownRegions = (
				en,
				Base,
			);
			mainGroup = B5AEE8371ECE90230062538B;
			productRefGroup = B5AEE8411ECE90240062538B /* Products */;
			projectDirPath = "";
			projectRoot = "";
			targets = (
				B5AEE83F1ECE90230062538B /* Social */,
			);
		};
/* End PBXProject section */

/* Begin PBXResourcesBuildPhase section */
		B5AEE83E1ECE90230062538B /* Resources */ = {
			isa = PBXResourcesBuildPhase;
			buildActionMask = 2147483647;
			files = (
				B5AEE8511ECE90240062538B /* LaunchScreen.storyboard in Resources */,
				B53CF6551ECEA98900E1C7F2 /* Ailerons-Typeface.otf in Resources */,
				B5AEE8591ECE90530062538B /* GoogleService-Info.plist in Resources */,
				B5AEE84E1ECE90240062538B /* Assets.xcassets in Resources */,
				B5AEE8491ECE90240062538B /* Main.storyboard in Resources */,
			);
			runOnlyForDeploymentPostprocessing = 0;
		};
/* End PBXResourcesBuildPhase section */

/* Begin PBXShellScriptBuildPhase section */
		02CC4D59E0FD506495374A40 /* [CP] Check Pods Manifest.lock */ = {
			isa = PBXShellScriptBuildPhase;
			buildActionMask = 2147483647;
			files = (
			);
			inputPaths = (
			);
			name = "[CP] Check Pods Manifest.lock";
			outputPaths = (
			);
			runOnlyForDeploymentPostprocessing = 0;
			shellPath = /bin/sh;
			shellScript = "diff \"${PODS_PODFILE_DIR_PATH}/Podfile.lock\" \"${PODS_ROOT}/Manifest.lock\" > /dev/null\nif [ $? != 0 ] ; then\n    # print error to STDERR\n    echo \"error: The sandbox is not in sync with the Podfile.lock. Run 'pod install' or update your CocoaPods installation.\" >&2\n    exit 1\nfi\n";
			showEnvVarsInLog = 0;
		};
		D30C5C5D23BEB34299FFB285 /* [CP] Copy Pods Resources */ = {
			isa = PBXShellScriptBuildPhase;
			buildActionMask = 2147483647;
			files = (
			);
			inputPaths = (
			);
			name = "[CP] Copy Pods Resources";
			outputPaths = (
			);
			runOnlyForDeploymentPostprocessing = 0;
			shellPath = /bin/sh;
			shellScript = "\"${SRCROOT}/Pods/Target Support Files/Pods-Social/Pods-Social-resources.sh\"\n";
			showEnvVarsInLog = 0;
		};
		D48CC8E35CD742B30EEB7BCA /* [CP] Embed Pods Frameworks */ = {
			isa = PBXShellScriptBuildPhase;
			buildActionMask = 2147483647;
			files = (
			);
			inputPaths = (
			);
			name = "[CP] Embed Pods Frameworks";
			outputPaths = (
			);
			runOnlyForDeploymentPostprocessing = 0;
			shellPath = /bin/sh;
			shellScript = "\"${SRCROOT}/Pods/Target Support Files/Pods-Social/Pods-Social-frameworks.sh\"\n";
			showEnvVarsInLog = 0;
		};
/* End PBXShellScriptBuildPhase section */

/* Begin PBXSourcesBuildPhase section */
		B5AEE83C1ECE90230062538B /* Sources */ = {
			isa = PBXSourcesBuildPhase;
			buildActionMask = 2147483647;
			files = (
				B5AEE84C1ECE90240062538B /* Social.xcdatamodeld in Sources */,
				B5AEE8441ECE90240062538B /* AppDelegate.swift in Sources */,
				B53CF6521ECEA7CA00E1C7F2 /* LoginVC.swift in Sources */,
				B53CF6571ECEBC1B00E1C7F2 /* BlurredUIView.swift in Sources */,
			);
			runOnlyForDeploymentPostprocessing = 0;
		};
/* End PBXSourcesBuildPhase section */

/* Begin PBXVariantGroup section */
		B5AEE8471ECE90240062538B /* Main.storyboard */ = {
			isa = PBXVariantGroup;
			children = (
				B5AEE8481ECE90240062538B /* Base */,
			);
			name = Main.storyboard;
			sourceTree = "<group>";
		};
		B5AEE84F1ECE90240062538B /* LaunchScreen.storyboard */ = {
			isa = PBXVariantGroup;
			children = (
				B5AEE8501ECE90240062538B /* Base */,
			);
			name = LaunchScreen.storyboard;
			sourceTree = "<group>";
		};
/* End PBXVariantGroup section */

/* Begin XCBuildConfiguration section */
		B5AEE8531ECE90240062538B /* Debug */ = {
			isa = XCBuildConfiguration;
			buildSettings = {
				ALWAYS_SEARCH_USER_PATHS = NO;
				CLANG_ANALYZER_NONNULL = YES;
				CLANG_CXX_LANGUAGE_STANDARD = "gnu++0x";
				CLANG_CXX_LIBRARY = "libc++";
				CLANG_ENABLE_MODULES = YES;
				CLANG_ENABLE_OBJC_ARC = YES;
				CLANG_WARN_BOOL_CONVERSION = YES;
				CLANG_WARN_CONSTANT_CONVERSION = YES;
				CLANG_WARN_DIRECT_OBJC_ISA_USAGE = YES_ERROR;
				CLANG_WARN_DOCUMENTATION_COMMENTS = YES;
				CLANG_WARN_EMPTY_BODY = YES;
				CLANG_WARN_ENUM_CONVERSION = YES;
				CLANG_WARN_INFINITE_RECURSION = YES;
				CLANG_WARN_INT_CONVERSION = YES;
				CLANG_WARN_OBJC_ROOT_CLASS = YES_ERROR;
				CLANG_WARN_SUSPICIOUS_MOVE = YES;
				CLANG_WARN_UNREACHABLE_CODE = YES;
				CLANG_WARN__DUPLICATE_METHOD_MATCH = YES;
				"CODE_SIGN_IDENTITY[sdk=iphoneos*]" = "iPhone Developer";
				COPY_PHASE_STRIP = NO;
				DEBUG_INFORMATION_FORMAT = dwarf;
				ENABLE_STRICT_OBJC_MSGSEND = YES;
				ENABLE_TESTABILITY = YES;
				GCC_C_LANGUAGE_STANDARD = gnu99;
				GCC_DYNAMIC_NO_PIC = NO;
				GCC_NO_COMMON_BLOCKS = YES;
				GCC_OPTIMIZATION_LEVEL = 0;
				GCC_PREPROCESSOR_DEFINITIONS = (
					"DEBUG=1",
					"$(inherited)",
				);
				GCC_WARN_64_TO_32_BIT_CONVERSION = YES;
				GCC_WARN_ABOUT_RETURN_TYPE = YES_ERROR;
				GCC_WARN_UNDECLARED_SELECTOR = YES;
				GCC_WARN_UNINITIALIZED_AUTOS = YES_AGGRESSIVE;
				GCC_WARN_UNUSED_FUNCTION = YES;
				GCC_WARN_UNUSED_VARIABLE = YES;
				IPHONEOS_DEPLOYMENT_TARGET = 10.2;
				MTL_ENABLE_DEBUG_INFO = YES;
				ONLY_ACTIVE_ARCH = YES;
				SDKROOT = iphoneos;
				SWIFT_ACTIVE_COMPILATION_CONDITIONS = DEBUG;
				SWIFT_OPTIMIZATION_LEVEL = "-Onone";
			};
			name = Debug;
		};
		B5AEE8541ECE90240062538B /* Release */ = {
			isa = XCBuildConfiguration;
			buildSettings = {
				ALWAYS_SEARCH_USER_PATHS = NO;
				CLANG_ANALYZER_NONNULL = YES;
				CLANG_CXX_LANGUAGE_STANDARD = "gnu++0x";
				CLANG_CXX_LIBRARY = "libc++";
				CLANG_ENABLE_MODULES = YES;
				CLANG_ENABLE_OBJC_ARC = YES;
				CLANG_WARN_BOOL_CONVERSION = YES;
				CLANG_WARN_CONSTANT_CONVERSION = YES;
				CLANG_WARN_DIRECT_OBJC_ISA_USAGE = YES_ERROR;
				CLANG_WARN_DOCUMENTATION_COMMENTS = YES;
				CLANG_WARN_EMPTY_BODY = YES;
				CLANG_WARN_ENUM_CONVERSION = YES;
				CLANG_WARN_INFINITE_RECURSION = YES;
				CLANG_WARN_INT_CONVERSION = YES;
				CLANG_WARN_OBJC_ROOT_CLASS = YES_ERROR;
				CLANG_WARN_SUSPICIOUS_MOVE = YES;
				CLANG_WARN_UNREACHABLE_CODE = YES;
				CLANG_WARN__DUPLICATE_METHOD_MATCH = YES;
				"CODE_SIGN_IDENTITY[sdk=iphoneos*]" = "iPhone Developer";
				COPY_PHASE_STRIP = NO;
				DEBUG_INFORMATION_FORMAT = "dwarf-with-dsym";
				ENABLE_NS_ASSERTIONS = NO;
				ENABLE_STRICT_OBJC_MSGSEND = YES;
				GCC_C_LANGUAGE_STANDARD = gnu99;
				GCC_NO_COMMON_BLOCKS = YES;
				GCC_WARN_64_TO_32_BIT_CONVERSION = YES;
				GCC_WARN_ABOUT_RETURN_TYPE = YES_ERROR;
				GCC_WARN_UNDECLARED_SELECTOR = YES;
				GCC_WARN_UNINITIALIZED_AUTOS = YES_AGGRESSIVE;
				GCC_WARN_UNUSED_FUNCTION = YES;
				GCC_WARN_UNUSED_VARIABLE = YES;
				IPHONEOS_DEPLOYMENT_TARGET = 10.2;
				MTL_ENABLE_DEBUG_INFO = NO;
				SDKROOT = iphoneos;
				SWIFT_OPTIMIZATION_LEVEL = "-Owholemodule";
				VALIDATE_PRODUCT = YES;
			};
			name = Release;
		};
		B5AEE8561ECE90240062538B /* Debug */ = {
			isa = XCBuildConfiguration;
			baseConfigurationReference = 0E2D3319EDA3CA2F52C43C33 /* Pods-Social.debug.xcconfig */;
			buildSettings = {
				ASSETCATALOG_COMPILER_APPICON_NAME = AppIcon;
				INFOPLIST_FILE = Social/Info.plist;
				LD_RUNPATH_SEARCH_PATHS = "$(inherited) @executable_path/Frameworks";
				PRODUCT_BUNDLE_IDENTIFIER = com.ben.lee.Social;
				PRODUCT_NAME = "$(TARGET_NAME)";
				SWIFT_VERSION = 3.0;
			};
			name = Debug;
		};
		B5AEE8571ECE90240062538B /* Release */ = {
			isa = XCBuildConfiguration;
			baseConfigurationReference = FB94A9D9317CF0C23F5CBE13 /* Pods-Social.release.xcconfig */;
			buildSettings = {
				ASSETCATALOG_COMPILER_APPICON_NAME = AppIcon;
				INFOPLIST_FILE = Social/Info.plist;
				LD_RUNPATH_SEARCH_PATHS = "$(inherited) @executable_path/Frameworks";
				PRODUCT_BUNDLE_IDENTIFIER = com.ben.lee.Social;
				PRODUCT_NAME = "$(TARGET_NAME)";
				SWIFT_VERSION = 3.0;
			};
			name = Release;
		};
/* End XCBuildConfiguration section */

/* Begin XCConfigurationList section */
		B5AEE83B1ECE90230062538B /* Build configuration list for PBXProject "Social" */ = {
			isa = XCConfigurationList;
			buildConfigurations = (
				B5AEE8531ECE90240062538B /* Debug */,
				B5AEE8541ECE90240062538B /* Release */,
			);
			defaultConfigurationIsVisible = 0;
			defaultConfigurationName = Release;
		};
		B5AEE8551ECE90240062538B /* Build configuration list for PBXNativeTarget "Social" */ = {
			isa = XCConfigurationList;
			buildConfigurations = (
				B5AEE8561ECE90240062538B /* Debug */,
				B5AEE8571ECE90240062538B /* Release */,
			);
			defaultConfigurationIsVisible = 0;
			defaultConfigurationName = Release;
		};
/* End XCConfigurationList section */

/* Begin XCVersionGroup section */
		B5AEE84A1ECE90240062538B /* Social.xcdatamodeld */ = {
			isa = XCVersionGroup;
			children = (
				B5AEE84B1ECE90240062538B /* Social.xcdatamodel */,
			);
			currentVersion = B5AEE84B1ECE90240062538B /* Social.xcdatamodel */;
			path = Social.xcdatamodeld;
			sourceTree = "<group>";
			versionGroupType = wrapper.xcdatamodel;
		};
/* End XCVersionGroup section */
	};
	rootObject = B5AEE8381ECE90230062538B /* Project object */;
}
